{
    "_readme": [
        "This file locks the dependencies of your project to a known state",
        "Read more about it at https://getcomposer.org/doc/01-basic-usage.md#composer-lock-the-lock-file",
        "This file is @generated automatically"
    ],
    "hash": "61bf707d699e7d66154d63606e3492fb",
    "content-hash": "fa2112730f04deba3e32e2a83766cda0",
    "packages": [
        {
            "name": "gamajo/template-loader",
            "version": "1.2.0",
            "source": {
                "type": "git",
                "url": "https://github.com/GaryJones/Gamajo-Template-Loader.git",
                "reference": "e53b4698670de81849e04c1d24a82e8466e59c99"
            },
            "dist": {
                "type": "zip",
                "url": "https://api.github.com/repos/GaryJones/Gamajo-Template-Loader/zipball/e53b4698670de81849e04c1d24a82e8466e59c99",
                "reference": "e53b4698670de81849e04c1d24a82e8466e59c99",
                "shasum": ""
            },
            "require": {
                "php": ">=5.2.4"
            },
            "type": "library",
            "autoload": {
                "classmap": [
                    "class-gamajo-template-loader.php"
                ]
            },
            "notification-url": "https://packagist.org/downloads/",
            "license": [
                "GPL-2.0+"
            ],
            "authors": [
                {
                    "name": "Gary Jones",
                    "email": "gamajo@gamajo.com",
                    "homepage": "http://gamajo.com",
                    "role": "Developer"
                }
            ],
            "description": "A class for your WordPress plugin, to allow loading template parts with fallback through the child theme > parent theme > plugin",
            "homepage": "http://github.com/GaryJones/Gamajo-Template-Loader",
            "keywords": [
                "templates",
                "wordpress"
            ],
            "time": "2016-03-26 07:42:40"
        },
        {
            "name": "jjgrainger/posttypes",
            "version": "v1.0",
            "source": {
                "type": "git",
                "url": "https://github.com/jjgrainger/PostTypes.git",
                "reference": "69d25ea289a984b6a8b068a7038aee66e9a6e0bf"
            },
            "dist": {
                "type": "zip",
                "url": "https://api.github.com/repos/jjgrainger/PostTypes/zipball/69d25ea289a984b6a8b068a7038aee66e9a6e0bf",
                "reference": "69d25ea289a984b6a8b068a7038aee66e9a6e0bf",
                "shasum": ""
            },
            "require": {
                "php": ">=5.3.0"
            },
            "type": "library",
            "autoload": {
                "psr-4": {
                    "PostTypes\\": "src/"
                }
            },
            "notification-url": "https://packagist.org/downloads/",
            "license": [
                "MIT"
            ],
            "authors": [
                {
                    "name": "Joe Grainger",
                    "email": "hello@jjgrainger.co.uk",
                    "homepage": "http://jjgrainger.co.uk"
                }
            ],
            "description": "A single class to help you build more advanced custom post types quickly.",
            "homepage": "https://github.com/jjgrainger/posttype",
            "time": "2016-08-16 12:45:44"
        }
    ],
    "packages-dev": [],
    "aliases": [],
    "minimum-stability": "stable",
    "stability-flags": [],
    "prefer-stable": false,
    "prefer-lowest": false,
    "platform": {
        "php": ">=5.3.2"
    },
    "platform-dev": []
}
